
Microsoft Visual Studio Solution File, Format Version 12.00
# Visual Studio Version 16
VisualStudioVersion = 16.0.31624.102
MinimumVisualStudioVersion = 10.0.40219.1
Project("{9A19103F-16F7-4668-BE54-9A1E7A4F7556}") = "CoreBlog", "CoreBlog\CoreBlog.csproj", "{D97493F9-3DFF-45A4-9B95-91F978935164}"
EndProject
Project("{9A19103F-16F7-4668-BE54-9A1E7A4F7556}") = "EntitiyLayer", "EntitiyLayer\EntitiyLayer.csproj", "{B0DBF087-DC8B-4BB5-99AA-5D5AB3A66063}"
EndProject
Project("{9A19103F-16F7-4668-BE54-9A1E7A4F7556}") = "DataAccessLayer", "DataAccessLayer\DataAccessLayer.csproj", "{299EC961-F876-41BC-9387-4131003A35F8}"
EndProject
Project("{9A19103F-16F7-4668-BE54-9A1E7A4F7556}") = "BusinessLayer", "BusinessLayer\BusinessLayer.csproj", "{B1933AA0-776F-4524-9368-A224AAF23D37}"
EndProject
Project("{9A19103F-16F7-4668-BE54-9A1E7A4F7556}") = "CoreLayer", "CoreLayer\CoreLayer.csproj", "{4473435B-C464-4DBF-A9DC-9D01BFC6BB3F}"
EndProject
Project("{FAE04EC0-301F-11D3-BF4B-00C04F79EFBC}") = "BlogApiDemo", "BlogApiDemo\BlogApiDemo.csproj", "{2220DBE6-857D-4282-9ADF-59432D405191}"
EndProject
Global
	GlobalSection(SolutionConfigurationPlatforms) = preSolution
		Debug|Any CPU = Debug|Any CPU
		Release|Any CPU = Release|Any CPU
	EndGlobalSection
	GlobalSection(ProjectConfigurationPlatforms) = postSolution
		{D97493F9-3DFF-45A4-9B95-91F978935164}.Debug|Any CPU.ActiveCfg = Debug|Any CPU
		{D97493F9-3DFF-45A4-9B95-91F978935164}.Debug|Any CPU.Build.0 = Debug|Any CPU
		{D97493F9-3DFF-45A4-9B95-91F978935164}.Release|Any CPU.ActiveCfg = Release|Any CPU
		{D97493F9-3DFF-45A4-9B95-91F978935164}.Release|Any CPU.Build.0 = Release|Any CPU
		{B0DBF087-DC8B-4BB5-99AA-5D5AB3A66063}.Debug|Any CPU.ActiveCfg = Debug|Any CPU
		{B0DBF087-DC8B-4BB5-99AA-5D5AB3A66063}.Debug|Any CPU.Build.0 = Debug|Any CPU
		{B0DBF087-DC8B-4BB5-99AA-5D5AB3A66063}.Release|Any CPU.ActiveCfg = Release|Any CPU
		{B0DBF087-DC8B-4BB5-99AA-5D5AB3A66063}.Release|Any CPU.Build.0 = Release|Any CPU
		{299EC961-F876-41BC-9387-4131003A35F8}.Debug|Any CPU.ActiveCfg = Debug|Any CPU
		{299EC961-F876-41BC-9387-4131003A35F8}.Debug|Any CPU.Build.0 = Debug|Any CPU
		{299EC961-F876-41BC-9387-4131003A35F8}.Release|Any CPU.ActiveCfg = Release|Any CPU
		{299EC961-F876-41BC-9387-4131003A35F8}.Release|Any CPU.Build.0 = Release|Any CPU
		{B1933AA0-776F-4524-9368-A224AAF23D37}.Debug|Any CPU.ActiveCfg = Debug|Any CPU
		{B1933AA0-776F-4524-9368-A224AAF23D37}.Debug|Any CPU.Build.0 = Debug|Any CPU
		{B1933AA0-776F-4524-9368-A224AAF23D37}.Release|Any CPU.ActiveCfg = Release|Any CPU
		{B1933AA0-776F-4524-9368-A224AAF23D37}.Release|Any CPU.Build.0 = Release|Any CPU
		{4473435B-C464-4DBF-A9DC-9D01BFC6BB3F}.Debug|Any CPU.ActiveCfg = Debug|Any CPU
		{4473435B-C464-4DBF-A9DC-9D01BFC6BB3F}.Debug|Any CPU.Build.0 = Debug|Any CPU
		{4473435B-C464-4DBF-A9DC-9D01BFC6BB3F}.Release|Any CPU.ActiveCfg = Release|Any CPU
		{4473435B-C464-4DBF-A9DC-9D01BFC6BB3F}.Release|Any CPU.Build.0 = Release|Any CPU
		{2220DBE6-857D-4282-9ADF-59432D405191}.Debug|Any CPU.ActiveCfg = Debug|Any CPU
		{2220DBE6-857D-4282-9ADF-59432D405191}.Debug|Any CPU.Build.0 = Debug|Any CPU
		{2220DBE6-857D-4282-9ADF-59432D405191}.Release|Any CPU.ActiveCfg = Release|Any CPU
		{2220DBE6-857D-4282-9ADF-59432D405191}.Release|Any CPU.Build.0 = Release|Any CPU
	EndGlobalSection
	GlobalSection(SolutionProperties) = preSolution
		HideSolutionNode = FALSE
	EndGlobalSection
	GlobalSection(ExtensibilityGlobals) = postSolution
		SolutionGuid = {D2DA08AE-9DEF-4E1C-A3CF-0B0E3292A95A}
	EndGlobalSection
EndGlobal
